
Microsoft Visual Studio Solution File, Format Version 12.00
# Visual Studio 15
VisualStudioVersion = 15.0.28307.572
MinimumVisualStudioVersion = 10.0.40219.1
Project("{FAE04EC0-301F-11D3-BF4B-00C04F79EFBC}") = "IGen.Android", "IGen\IGen.Android\IGen.Android.csproj", "{32EE2B0B-174C-4D67-BA60-9342A7767C97}"
EndProject
Project("{FAE04EC0-301F-11D3-BF4B-00C04F79EFBC}") = "IGen.iOS", "IGen\IGen.iOS\IGen.iOS.csproj", "{7829B5F7-8F22-49FD-8ACF-D9E89016CAB6}"
EndProject
Project("{FAE04EC0-301F-11D3-BF4B-00C04F79EFBC}") = "IGen", "IGen\IGen\IGen.csproj", "{471EFB87-FF92-4F27-88F2-442B660AA78D}"
EndProject
Global
	GlobalSection(SolutionConfigurationPlatforms) = preSolution
		Ad-Hoc|Any CPU = Ad-Hoc|Any CPU
		Ad-Hoc|iPhone = Ad-Hoc|iPhone
		Ad-Hoc|iPhoneSimulator = Ad-Hoc|iPhoneSimulator
		AppStore|Any CPU = AppStore|Any CPU
		AppStore|iPhone = AppStore|iPhone
		AppStore|iPhoneSimulator = AppStore|iPhoneSimulator
		Debug|Any CPU = Debug|Any CPU
		Debug|iPhone = Debug|iPhone
		Debug|iPhoneSimulator = Debug|iPhoneSimulator
		Release|Any CPU = Release|Any CPU
		Release|iPhone = Release|iPhone
		Release|iPhoneSimulator = Release|iPhoneSimulator
	EndGlobalSection
	GlobalSection(ProjectConfigurationPlatforms) = postSolution
		{32EE2B0B-174C-4D67-BA60-9342A7767C97}.Ad-Hoc|Any CPU.ActiveCfg = Release|Any CPU
		{32EE2B0B-174C-4D67-BA60-9342A7767C97}.Ad-Hoc|Any CPU.Build.0 = Release|Any CPU
		{32EE2B0B-174C-4D67-BA60-9342A7767C97}.Ad-Hoc|Any CPU.Deploy.0 = Release|Any CPU
		{32EE2B0B-174C-4D67-BA60-9342A7767C97}.Ad-Hoc|iPhone.ActiveCfg = Release|Any CPU
		{32EE2B0B-174C-4D67-BA60-9342A7767C97}.Ad-Hoc|iPhone.Build.0 = Release|Any CPU
		{32EE2B0B-174C-4D67-BA60-9342A7767C97}.Ad-Hoc|iPhone.Deploy.0 = Release|Any CPU
		{32EE2B0B-174C-4D67-BA60-9342A7767C97}.Ad-Hoc|iPhoneSimulator.ActiveCfg = Release|Any CPU
		{32EE2B0B-174C-4D67-BA60-9342A7767C97}.Ad-Hoc|iPhoneSimulator.Build.0 = Release|Any CPU
		{32EE2B0B-174C-4D67-BA60-9342A7767C97}.Ad-Hoc|iPhoneSimulator.Deploy.0 = Release|Any CPU
		{32EE2B0B-174C-4D67-BA60-9342A7767C97}.AppStore|Any CPU.ActiveCfg = Release|Any CPU
		{32EE2B0B-174C-4D67-BA60-9342A7767C97}.AppStore|Any CPU.Build.0 = Release|Any CPU
		{32EE2B0B-174C-4D67-BA60-9342A7767C97}.AppStore|Any CPU.Deploy.0 = Release|Any CPU
		{32EE2B0B-174C-4D67-BA60-9342A7767C97}.AppStore|iPhone.ActiveCfg = Release|Any CPU
		{32EE2B0B-174C-4D67-BA60-9342A7767C97}.AppStore|iPhone.Build.0 = Release|Any CPU
		{32EE2B0B-174C-4D67-BA60-9342A7767C97}.AppStore|iPhone.Deploy.0 = Release|Any CPU
		{32EE2B0B-174C-4D67-BA60-9342A7767C97}.AppStore|iPhoneSimulator.ActiveCfg = Release|Any CPU
		{32EE2B0B-174C-4D67-BA60-9342A7767C97}.AppStore|iPhoneSimulator.Build.0 = Release|Any CPU
		{32EE2B0B-174C-4D67-BA60-9342A7767C97}.AppStore|iPhoneSimulator.Deploy.0 = Release|Any CPU
		{32EE2B0B-174C-4D67-BA60-9342A7767C97}.Debug|Any CPU.ActiveCfg = Debug|Any CPU
		{32EE2B0B-174C-4D67-BA60-9342A7767C97}.Debug|Any CPU.Build.0 = Debug|Any CPU
		{32EE2B0B-174C-4D67-BA60-9342A7767C97}.Debug|Any CPU.Deploy.0 = Debug|Any CPU
		{32EE2B0B-174C-4D67-BA60-9342A7767C97}.Debug|iPhone.ActiveCfg = Debug|Any CPU
		{32EE2B0B-174C-4D67-BA60-9342A7767C97}.Debug|iPhone.Build.0 = Debug|Any CPU
		{32EE2B0B-174C-4D67-BA60-9342A7767C97}.Debug|iPhone.Deploy.0 = Debug|Any CPU
		{32EE2B0B-174C-4D67-BA60-9342A7767C97}.Debug|iPhoneSimulator.ActiveCfg = Debug|Any CPU
		{32EE2B0B-174C-4D67-BA60-9342A7767C97}.Debug|iPhoneSimulator.Build.0 = Debug|Any CPU
		{32EE2B0B-174C-4D67-BA60-9342A7767C97}.Debug|iPhoneSimulator.Deploy.0 = Debug|Any CPU
		{32EE2B0B-174C-4D67-BA60-9342A7767C97}.Release|Any CPU.ActiveCfg = Release|Any CPU
		{32EE2B0B-174C-4D67-BA60-9342A7767C97}.Release|Any CPU.Build.0 = Release|Any CPU
		{32EE2B0B-174C-4D67-BA60-9342A7767C97}.Release|Any CPU.Deploy.0 = Release|Any CPU
		{32EE2B0B-174C-4D67-BA60-9342A7767C97}.Release|iPhone.ActiveCfg = Release|Any CPU
		{32EE2B0B-174C-4D67-BA60-9342A7767C97}.Release|iPhone.Build.0 = Release|Any CPU
		{32EE2B0B-174C-4D67-BA60-9342A7767C97}.Release|iPhone.Deploy.0 = Release|Any CPU
		{32EE2B0B-174C-4D67-BA60-9342A7767C97}.Release|iPhoneSimulator.ActiveCfg = Release|Any CPU
		{32EE2B0B-174C-4D67-BA60-9342A7767C97}.Release|iPhoneSimulator.Build.0 = Release|Any CPU
		{32EE2B0B-174C-4D67-BA60-9342A7767C97}.Release|iPhoneSimulator.Deploy.0 = Release|Any CPU
		{7829B5F7-8F22-49FD-8ACF-D9E89016CAB6}.Ad-Hoc|Any CPU.ActiveCfg = Ad-Hoc|iPhone
		{7829B5F7-8F22-49FD-8ACF-D9E89016CAB6}.Ad-Hoc|Any CPU.Build.0 = Ad-Hoc|iPhone
		{7829B5F7-8F22-49FD-8ACF-D9E89016CAB6}.Ad-Hoc|Any CPU.Deploy.0 = Ad-Hoc|iPhone
		{7829B5F7-8F22-49FD-8ACF-D9E89016CAB6}.Ad-Hoc|iPhone.ActiveCfg = Ad-Hoc|iPhone
		{7829B5F7-8F22-49FD-8ACF-D9E89016CAB6}.Ad-Hoc|iPhone.Build.0 = Ad-Hoc|iPhone
		{7829B5F7-8F22-49FD-8ACF-D9E89016CAB6}.Ad-Hoc|iPhone.Deploy.0 = Ad-Hoc|iPhone
		{7829B5F7-8F22-49FD-8ACF-D9E89016CAB6}.Ad-Hoc|iPhoneSimulator.ActiveCfg = Ad-Hoc|iPhoneSimulator
		{7829B5F7-8F22-49FD-8ACF-D9E89016CAB6}.Ad-Hoc|iPhoneSimulator.Build.0 = Ad-Hoc|iPhoneSimulator
		{7829B5F7-8F22-49FD-8ACF-D9E89016CAB6}.Ad-Hoc|iPhoneSimulator.Deploy.0 = Ad-Hoc|iPhoneSimulator
		{7829B5F7-8F22-49FD-8ACF-D9E89016CAB6}.AppStore|Any CPU.ActiveCfg = AppStore|iPhone
		{7829B5F7-8F22-49FD-8ACF-D9E89016CAB6}.AppStore|Any CPU.Build.0 = AppStore|iPhone
		{7829B5F7-8F22-49FD-8ACF-D9E89016CAB6}.AppStore|Any CPU.Deploy.0 = AppStore|iPhone
		{7829B5F7-8F22-49FD-8ACF-D9E89016CAB6}.AppStore|iPhone.ActiveCfg = AppStore|iPhone
		{7829B5F7-8F22-49FD-8ACF-D9E89016CAB6}.AppStore|iPhone.Build.0 = AppStore|iPhone
		{7829B5F7-8F22-49FD-8ACF-D9E89016CAB6}.AppStore|iPhone.Deploy.0 = AppStore|iPhone
		{7829B5F7-8F22-49FD-8ACF-D9E89016CAB6}.AppStore|iPhoneSimulator.ActiveCfg = AppStore|iPhoneSimulator
		{7829B5F7-8F22-49FD-8ACF-D9E89016CAB6}.AppStore|iPhoneSimulator.Build.0 = AppStore|iPhoneSimulator
		{7829B5F7-8F22-49FD-8ACF-D9E89016CAB6}.AppStore|iPhoneSimulator.Deploy.0 = AppStore|iPhoneSimulator
		{7829B5F7-8F22-49FD-8ACF-D9E89016CAB6}.Debug|Any CPU.ActiveCfg = Debug|iPhoneSimulator
		{7829B5F7-8F22-49FD-8ACF-D9E89016CAB6}.Debug|Any CPU.Build.0 = Debug|iPhoneSimulator
		{7829B5F7-8F22-49FD-8ACF-D9E89016CAB6}.Debug|Any CPU.Deploy.0 = Debug|iPhoneSimulator
		{7829B5F7-8F22-49FD-8ACF-D9E89016CAB6}.Debug|iPhone.ActiveCfg = Debug|iPhone
		{7829B5F7-8F22-49FD-8ACF-D9E89016CAB6}.Debug|iPhone.Build.0 = Debug|iPhone
		{7829B5F7-8F22-49FD-8ACF-D9E89016CAB6}.Debug|iPhone.Deploy.0 = Debug|iPhone
		{7829B5F7-8F22-49FD-8ACF-D9E89016CAB6}.Debug|iPhoneSimulator.ActiveCfg = Debug|iPhoneSimulator
		{7829B5F7-8F22-49FD-8ACF-D9E89016CAB6}.Debug|iPhoneSimulator.Build.0 = Debug|iPhoneSimulator
		{7829B5F7-8F22-49FD-8ACF-D9E89016CAB6}.Debug|iPhoneSimulator.Deploy.0 = Debug|iPhoneSimulator
		{7829B5F7-8F22-49FD-8ACF-D9E89016CAB6}.Release|Any CPU.ActiveCfg = Release|iPhone
		{7829B5F7-8F22-49FD-8ACF-D9E89016CAB6}.Release|Any CPU.Build.0 = Release|iPhone
		{7829B5F7-8F22-49FD-8ACF-D9E89016CAB6}.Release|Any CPU.Deploy.0 = Release|iPhone
		{7829B5F7-8F22-49FD-8ACF-D9E89016CAB6}.Release|iPhone.ActiveCfg = Release|iPhone
		{7829B5F7-8F22-49FD-8ACF-D9E89016CAB6}.Release|iPhone.Build.0 = Release|iPhone
		{7829B5F7-8F22-49FD-8ACF-D9E89016CAB6}.Release|iPhone.Deploy.0 = Release|iPhone
		{7829B5F7-8F22-49FD-8ACF-D9E89016CAB6}.Release|iPhoneSimulator.ActiveCfg = Release|iPhoneSimulator
		{7829B5F7-8F22-49FD-8ACF-D9E89016CAB6}.Release|iPhoneSimulator.Build.0 = Release|iPhoneSimulator
		{7829B5F7-8F22-49FD-8ACF-D9E89016CAB6}.Release|iPhoneSimulator.Deploy.0 = Release|iPhoneSimulator
		{471EFB87-FF92-4F27-88F2-442B660AA78D}.Ad-Hoc|Any CPU.ActiveCfg = Debug|Any CPU
		{471EFB87-FF92-4F27-88F2-442B660AA78D}.Ad-Hoc|Any CPU.Build.0 = Debug|Any CPU
		{471EFB87-FF92-4F27-88F2-442B660AA78D}.Ad-Hoc|Any CPU.Deploy.0 = Debug|Any CPU
		{471EFB87-FF92-4F27-88F2-442B660AA78D}.Ad-Hoc|iPhone.ActiveCfg = Debug|Any CPU
		{471EFB87-FF92-4F27-88F2-442B660AA78D}.Ad-Hoc|iPhone.Build.0 = Debug|Any CPU
		{471EFB87-FF92-4F27-88F2-442B660AA78D}.Ad-Hoc|iPhone.Deploy.0 = Debug|Any CPU
		{471EFB87-FF92-4F27-88F2-442B660AA78D}.Ad-Hoc|iPhoneSimulator.ActiveCfg = Debug|Any CPU
		{471EFB87-FF92-4F27-88F2-442B660AA78D}.Ad-Hoc|iPhoneSimulator.Build.0 = Debug|Any CPU
		{471EFB87-FF92-4F27-88F2-442B660AA78D}.Ad-Hoc|iPhoneSimulator.Deploy.0 = Debug|Any CPU
		{471EFB87-FF92-4F27-88F2-442B660AA78D}.AppStore|Any CPU.ActiveCfg = Debug|Any CPU
		{471EFB87-FF92-4F27-88F2-442B660AA78D}.AppStore|Any CPU.Build.0 = Debug|Any CPU
		{471EFB87-FF92-4F27-88F2-442B660AA78D}.AppStore|Any CPU.Deploy.0 = Debug|Any CPU
		{471EFB87-FF92-4F27-88F2-442B660AA78D}.AppStore|iPhone.ActiveCfg = Debug|Any CPU
		{471EFB87-FF92-4F27-88F2-442B660AA78D}.AppStore|iPhone.Build.0 = Debug|Any CPU
		{471EFB87-FF92-4F27-88F2-442B660AA78D}.AppStore|iPhone.Deploy.0 = Debug|Any CPU
		{471EFB87-FF92-4F27-88F2-442B660AA78D}.AppStore|iPhoneSimulator.ActiveCfg = Debug|Any CPU
		{471EFB87-FF92-4F27-88F2-442B660AA78D}.AppStore|iPhoneSimulator.Build.0 = Debug|Any CPU
		{471EFB87-FF92-4F27-88F2-442B660AA78D}.AppStore|iPhoneSimulator.Deploy.0 = Debug|Any CPU
		{471EFB87-FF92-4F27-88F2-442B660AA78D}.Debug|Any CPU.ActiveCfg = Debug|Any CPU
		{471EFB87-FF92-4F27-88F2-442B660AA78D}.Debug|Any CPU.Build.0 = Debug|Any CPU
		{471EFB87-FF92-4F27-88F2-442B660AA78D}.Debug|Any CPU.Deploy.0 = Debug|Any CPU
		{471EFB87-FF92-4F27-88F2-442B660AA78D}.Debug|iPhone.ActiveCfg = Debug|Any CPU
		{471EFB87-FF92-4F27-88F2-442B660AA78D}.Debug|iPhone.Build.0 = Debug|Any CPU
		{471EFB87-FF92-4F27-88F2-442B660AA78D}.Debug|iPhone.Deploy.0 = Debug|Any CPU
		{471EFB87-FF92-4F27-88F2-442B660AA78D}.Debug|iPhoneSimulator.ActiveCfg = Debug|Any CPU
		{471EFB87-FF92-4F27-88F2-442B660AA78D}.Debug|iPhoneSimulator.Build.0 = Debug|Any CPU
		{471EFB87-FF92-4F27-88F2-442B660AA78D}.Debug|iPhoneSimulator.Deploy.0 = Debug|Any CPU
		{471EFB87-FF92-4F27-88F2-442B660AA78D}.Release|Any CPU.ActiveCfg = Release|Any CPU
		{471EFB87-FF92-4F27-88F2-442B660AA78D}.Release|Any CPU.Build.0 = Release|Any CPU
		{471EFB87-FF92-4F27-88F2-442B660AA78D}.Release|Any CPU.Deploy.0 = Release|Any CPU
		{471EFB87-FF92-4F27-88F2-442B660AA78D}.Release|iPhone.ActiveCfg = Release|Any CPU
		{471EFB87-FF92-4F27-88F2-442B660AA78D}.Release|iPhone.Build.0 = Release|Any CPU
		{471EFB87-FF92-4F27-88F2-442B660AA78D}.Release|iPhone.Deploy.0 = Release|Any CPU
		{471EFB87-FF92-4F27-88F2-442B660AA78D}.Release|iPhoneSimulator.ActiveCfg = Release|Any CPU
		{471EFB87-FF92-4F27-88F2-442B660AA78D}.Release|iPhoneSimulator.Build.0 = Release|Any CPU
		{471EFB87-FF92-4F27-88F2-442B660AA78D}.Release|iPhoneSimulator.Deploy.0 = Release|Any CPU
	EndGlobalSection
	GlobalSection(SolutionProperties) = preSolution
		HideSolutionNode = FALSE
	EndGlobalSection
	GlobalSection(ExtensibilityGlobals) = postSolution
		SolutionGuid = {804FC25A-D266-4290-8087-CB2AF41A8F74}
	EndGlobalSection
EndGlobal
